// !$*UTF8*$!
{
	archiveVersion = 1;
	classes = {
	};
	objectVersion = 46;
	objects = {

/* Begin PBXBuildFile section */
		9641570E187E6A9800F2D826 /* Foundation.framework in Frameworks */ = {isa = PBXBuildFile; fileRef = 9641570D187E6A9800F2D826 /* Foundation.framework */; };
		96415710187E6A9800F2D826 /* CoreGraphics.framework in Frameworks */ = {isa = PBXBuildFile; fileRef = 9641570F187E6A9800F2D826 /* CoreGraphics.framework */; };
		96415712187E6A9800F2D826 /* UIKit.framework in Frameworks */ = {isa = PBXBuildFile; fileRef = 96415711187E6A9800F2D826 /* UIKit.framework */; };
		96415727187E6A9900F2D826 /* XCTest.framework in Frameworks */ = {isa = PBXBuildFile; fileRef = 96415726187E6A9900F2D826 /* XCTest.framework */; };
		96415728187E6A9900F2D826 /* Foundation.framework in Frameworks */ = {isa = PBXBuildFile; fileRef = 9641570D187E6A9800F2D826 /* Foundation.framework */; };
		96415729187E6A9900F2D826 /* UIKit.framework in Frameworks */ = {isa = PBXBuildFile; fileRef = 96415711187E6A9800F2D826 /* UIKit.framework */; };
		96EDB583188711E800B02510 /* Images.xcassets in Resources */ = {isa = PBXBuildFile; fileRef = 96EDB57D188711E800B02510 /* Images.xcassets */; };
		96EDB584188711E800B02510 /* JWAppDelegate.m in Sources */ = {isa = PBXBuildFile; fileRef = 96EDB57F188711E800B02510 /* JWAppDelegate.m */; };
		96EDB585188711E800B02510 /* main.m in Sources */ = {isa = PBXBuildFile; fileRef = 96EDB580188711E800B02510 /* main.m */; };
		96EDB5911887123100B02510 /* JWTransit.m in Sources */ = {isa = PBXBuildFile; fileRef = 96EDB5901887123100B02510 /* JWTransit.m */; };
		96EDB5921887124400B02510 /* JWTransit.m in Sources */ = {isa = PBXBuildFile; fileRef = 96EDB5901887123100B02510 /* JWTransit.m */; };
		96EDB593188712A500B02510 /* JWTransitTests.m in Sources */ = {isa = PBXBuildFile; fileRef = 96EDB58B1887121C00B02510 /* JWTransitTests.m */; };
		96EDB5971887139D00B02510 /* InfoPlist.strings in Resources */ = {isa = PBXBuildFile; fileRef = 96EDB57B188711E800B02510 /* InfoPlist.strings */; };
		96EDB59A188714CF00B02510 /* InfoPlist.strings in Resources */ = {isa = PBXBuildFile; fileRef = 96EDB5891887121C00B02510 /* InfoPlist.strings */; };
/* End PBXBuildFile section */

/* Begin PBXContainerItemProxy section */
		9641572A187E6A9900F2D826 /* PBXContainerItemProxy */ = {
			isa = PBXContainerItemProxy;
			containerPortal = 96415702187E6A9800F2D826 /* Project object */;
			proxyType = 1;
			remoteGlobalIDString = 96415709187E6A9800F2D826;
			remoteInfo = JWTransit;
		};
/* End PBXContainerItemProxy section */

/* Begin PBXFileReference section */
		9641570A187E6A9800F2D826 /* Dragon.app */ = {isa = PBXFileReference; explicitFileType = wrapper.application; includeInIndex = 0; path = Dragon.app; sourceTree = BUILT_PRODUCTS_DIR; };
		9641570D187E6A9800F2D826 /* Foundation.framework */ = {isa = PBXFileReference; lastKnownFileType = wrapper.framework; name = Foundation.framework; path = System/Library/Frameworks/Foundation.framework; sourceTree = SDKROOT; };
		9641570F187E6A9800F2D826 /* CoreGraphics.framework */ = {isa = PBXFileReference; lastKnownFileType = wrapper.framework; name = CoreGraphics.framework; path = System/Library/Frameworks/CoreGraphics.framework; sourceTree = SDKROOT; };
		96415711187E6A9800F2D826 /* UIKit.framework */ = {isa = PBXFileReference; lastKnownFileType = wrapper.framework; name = UIKit.framework; path = System/Library/Frameworks/UIKit.framework; sourceTree = SDKROOT; };
		96415725187E6A9900F2D826 /* DragonTests.xctest */ = {isa = PBXFileReference; explicitFileType = wrapper.cfbundle; includeInIndex = 0; path = DragonTests.xctest; sourceTree = BUILT_PRODUCTS_DIR; };
		96415726187E6A9900F2D826 /* XCTest.framework */ = {isa = PBXFileReference; lastKnownFileType = wrapper.framework; name = XCTest.framework; path = Library/Frameworks/XCTest.framework; sourceTree = DEVELOPER_DIR; };
		96EDB578188711E800B02510 /* Dragon-Info.plist */ = {isa = PBXFileReference; fileEncoding = 4; lastKnownFileType = text.plist.xml; name = "Dragon-Info.plist"; path = "Dragon/Dragon-Info.plist"; sourceTree = "<group>"; };
		96EDB579188711E800B02510 /* Dragon-Prefix.pch */ = {isa = PBXFileReference; fileEncoding = 4; lastKnownFileType = sourcecode.c.h; name = "Dragon-Prefix.pch"; path = "Dragon/Dragon-Prefix.pch"; sourceTree = "<group>"; };
		96EDB57C188711E800B02510 /* en */ = {isa = PBXFileReference; lastKnownFileType = text.plist.strings; name = en; path = InfoPlist.strings; sourceTree = "<group>"; };
		96EDB57D188711E800B02510 /* Images.xcassets */ = {isa = PBXFileReference; lastKnownFileType = folder.assetcatalog; name = Images.xcassets; path = Dragon/Images.xcassets; sourceTree = "<group>"; };
		96EDB57E188711E800B02510 /* JWAppDelegate.h */ = {isa = PBXFileReference; fileEncoding = 4; lastKnownFileType = sourcecode.c.h; name = JWAppDelegate.h; path = Dragon/JWAppDelegate.h; sourceTree = "<group>"; };
		96EDB57F188711E800B02510 /* JWAppDelegate.m */ = {isa = PBXFileReference; fileEncoding = 4; lastKnownFileType = sourcecode.c.objc; name = JWAppDelegate.m; path = Dragon/JWAppDelegate.m; sourceTree = "<group>"; };
		96EDB580188711E800B02510 /* main.m */ = {isa = PBXFileReference; fileEncoding = 4; lastKnownFileType = sourcecode.c.objc; name = main.m; path = Dragon/main.m; sourceTree = "<group>"; };
		96EDB5871887121C00B02510 /* DragonTests-Info.plist */ = {isa = PBXFileReference; fileEncoding = 4; lastKnownFileType = text.plist.xml; name = "DragonTests-Info.plist"; path = "DragonTests/DragonTests-Info.plist"; sourceTree = "<group>"; };
		96EDB58A1887121C00B02510 /* en */ = {isa = PBXFileReference; lastKnownFileType = text.plist.strings; name = en; path = InfoPlist.strings; sourceTree = "<group>"; };
		96EDB58B1887121C00B02510 /* JWTransitTests.m */ = {isa = PBXFileReference; fileEncoding = 4; lastKnownFileType = sourcecode.c.objc; name = JWTransitTests.m; path = DragonTests/JWTransitTests.m; sourceTree = "<group>"; };
		96EDB58F1887123100B02510 /* JWTransit.h */ = {isa = PBXFileReference; fileEncoding = 4; lastKnownFileType = sourcecode.c.h; name = JWTransit.h; path = Dragon/src/JWTransit.h; sourceTree = "<group>"; };
		96EDB5901887123100B02510 /* JWTransit.m */ = {isa = PBXFileReference; fileEncoding = 4; lastKnownFileType = sourcecode.c.objc; name = JWTransit.m; path = Dragon/src/JWTransit.m; sourceTree = "<group>"; };
/* End PBXFileReference section */

/* Begin PBXFrameworksBuildPhase section */
		96415707187E6A9800F2D826 /* Frameworks */ = {
			isa = PBXFrameworksBuildPhase;
			buildActionMask = 2147483647;
			files = (
				96415710187E6A9800F2D826 /* CoreGraphics.framework in Frameworks */,
				96415712187E6A9800F2D826 /* UIKit.framework in Frameworks */,
				9641570E187E6A9800F2D826 /* Foundation.framework in Frameworks */,
			);
			runOnlyForDeploymentPostprocessing = 0;
		};
		96415722187E6A9900F2D826 /* Frameworks */ = {
			isa = PBXFrameworksBuildPhase;
			buildActionMask = 2147483647;
			files = (
				96415727187E6A9900F2D826 /* XCTest.framework in Frameworks */,
				96415729187E6A9900F2D826 /* UIKit.framework in Frameworks */,
				96415728187E6A9900F2D826 /* Foundation.framework in Frameworks */,
			);
			runOnlyForDeploymentPostprocessing = 0;
		};
/* End PBXFrameworksBuildPhase section */

/* Begin PBXGroup section */
		96415701187E6A9800F2D826 = {
			isa = PBXGroup;
			children = (
				9641573C187E6AA800F2D826 /* src */,
				96EDB5861887120F00B02510 /* DragonTests */,
				96EDB577188711CE00B02510 /* Dragon */,
				9641570C187E6A9800F2D826 /* Frameworks */,
				9641570B187E6A9800F2D826 /* Products */,
			);
			sourceTree = "<group>";
		};
		9641570B187E6A9800F2D826 /* Products */ = {
			isa = PBXGroup;
			children = (
				9641570A187E6A9800F2D826 /* Dragon.app */,
				96415725187E6A9900F2D826 /* DragonTests.xctest */,
			);
			name = Products;
			sourceTree = "<group>";
		};
		9641570C187E6A9800F2D826 /* Frameworks */ = {
			isa = PBXGroup;
			children = (
				9641570D187E6A9800F2D826 /* Foundation.framework */,
				9641570F187E6A9800F2D826 /* CoreGraphics.framework */,
				96415711187E6A9800F2D826 /* UIKit.framework */,
				96415726187E6A9900F2D826 /* XCTest.framework */,
			);
			name = Frameworks;
			sourceTree = "<group>";
		};
		9641573C187E6AA800F2D826 /* src */ = {
			isa = PBXGroup;
			children = (
				96EDB58F1887123100B02510 /* JWTransit.h */,
				96EDB5901887123100B02510 /* JWTransit.m */,
			);
			name = src;
			sourceTree = "<group>";
		};
		96EDB577188711CE00B02510 /* Dragon */ = {
			isa = PBXGroup;
			children = (
				96EDB578188711E800B02510 /* Dragon-Info.plist */,
				96EDB579188711E800B02510 /* Dragon-Prefix.pch */,
				96EDB57A188711E800B02510 /* en.lproj */,
				96EDB57D188711E800B02510 /* Images.xcassets */,
				96EDB57E188711E800B02510 /* JWAppDelegate.h */,
				96EDB57F188711E800B02510 /* JWAppDelegate.m */,
				96EDB580188711E800B02510 /* main.m */,
			);
			name = Dragon;
			sourceTree = "<group>";
		};
		96EDB57A188711E800B02510 /* en.lproj */ = {
			isa = PBXGroup;
			children = (
				96EDB57B188711E800B02510 /* InfoPlist.strings */,
			);
			name = en.lproj;
			path = Dragon/en.lproj;
			sourceTree = "<group>";
		};
		96EDB5861887120F00B02510 /* DragonTests */ = {
			isa = PBXGroup;
			children = (
				96EDB5871887121C00B02510 /* DragonTests-Info.plist */,
				96EDB5881887121C00B02510 /* en.lproj */,
				96EDB58B1887121C00B02510 /* JWTransitTests.m */,
			);
			name = DragonTests;
			sourceTree = "<group>";
		};
		96EDB5881887121C00B02510 /* en.lproj */ = {
			isa = PBXGroup;
			children = (
				96EDB5891887121C00B02510 /* InfoPlist.strings */,
			);
			name = en.lproj;
			path = DragonTests/en.lproj;
			sourceTree = "<group>";
		};
/* End PBXGroup section */

/* Begin PBXNativeTarget section */
		96415709187E6A9800F2D826 /* Dragon */ = {
			isa = PBXNativeTarget;
			buildConfigurationList = 96415736187E6A9900F2D826 /* Build configuration list for PBXNativeTarget "Dragon" */;
			buildPhases = (
				96415706187E6A9800F2D826 /* Sources */,
				96415707187E6A9800F2D826 /* Frameworks */,
				96415708187E6A9800F2D826 /* Resources */,
			);
			buildRules = (
			);
			dependencies = (
			);
			name = Dragon;
			productName = JWTransit;
			productReference = 9641570A187E6A9800F2D826 /* Dragon.app */;
			productType = "com.apple.product-type.application";
		};
		96415724187E6A9900F2D826 /* DragonTests */ = {
			isa = PBXNativeTarget;
			buildConfigurationList = 96415739187E6A9900F2D826 /* Build configuration list for PBXNativeTarget "DragonTests" */;
			buildPhases = (
				96415721187E6A9900F2D826 /* Sources */,
				96415722187E6A9900F2D826 /* Frameworks */,
				96415723187E6A9900F2D826 /* Resources */,
			);
			buildRules = (
			);
			dependencies = (
				9641572B187E6A9900F2D826 /* PBXTargetDependency */,
			);
			name = DragonTests;
			productName = JWTransitTests;
			productReference = 96415725187E6A9900F2D826 /* DragonTests.xctest */;
			productType = "com.apple.product-type.bundle.unit-test";
		};
/* End PBXNativeTarget section */

/* Begin PBXProject section */
		96415702187E6A9800F2D826 /* Project object */ = {
			isa = PBXProject;
			attributes = {
				CLASSPREFIX = JW;
				LastUpgradeCheck = 0500;
				ORGANIZATIONNAME = "Jason Whitehorn";
				TargetAttributes = {
					96415724187E6A9900F2D826 = {
						TestTargetID = 96415709187E6A9800F2D826;
					};
				};
			};
			buildConfigurationList = 96415705187E6A9800F2D826 /* Build configuration list for PBXProject "Dragon" */;
			compatibilityVersion = "Xcode 3.2";
			developmentRegion = English;
			hasScannedForEncodings = 0;
			knownRegions = (
				en,
			);
			mainGroup = 96415701187E6A9800F2D826;
			productRefGroup = 9641570B187E6A9800F2D826 /* Products */;
			projectDirPath = "";
			projectRoot = "";
			targets = (
				96415709187E6A9800F2D826 /* Dragon */,
				96415724187E6A9900F2D826 /* DragonTests */,
			);
		};
/* End PBXProject section */

/* Begin PBXResourcesBuildPhase section */
		96415708187E6A9800F2D826 /* Resources */ = {
			isa = PBXResourcesBuildPhase;
			buildActionMask = 2147483647;
			files = (
				96EDB583188711E800B02510 /* Images.xcassets in Resources */,
				96EDB5971887139D00B02510 /* InfoPlist.strings in Resources */,
			);
			runOnlyForDeploymentPostprocessing = 0;
		};
		96415723187E6A9900F2D826 /* Resources */ = {
			isa = PBXResourcesBuildPhase;
			buildActionMask = 2147483647;
			files = (
				96EDB59A188714CF00B02510 /* InfoPlist.strings in Resources */,
			);
			runOnlyForDeploymentPostprocessing = 0;
		};
/* End PBXResourcesBuildPhase section */

/* Begin PBXSourcesBuildPhase section */
		96415706187E6A9800F2D826 /* Sources */ = {
			isa = PBXSourcesBuildPhase;
			buildActionMask = 2147483647;
			files = (
				96EDB5911887123100B02510 /* JWTransit.m in Sources */,
				96EDB585188711E800B02510 /* main.m in Sources */,
				96EDB584188711E800B02510 /* JWAppDelegate.m in Sources */,
			);
			runOnlyForDeploymentPostprocessing = 0;
		};
		96415721187E6A9900F2D826 /* Sources */ = {
			isa = PBXSourcesBuildPhase;
			buildActionMask = 2147483647;
			files = (
				96EDB593188712A500B02510 /* JWTransitTests.m in Sources */,
				96EDB5921887124400B02510 /* JWTransit.m in Sources */,
			);
			runOnlyForDeploymentPostprocessing = 0;
		};
/* End PBXSourcesBuildPhase section */

/* Begin PBXTargetDependency section */
		9641572B187E6A9900F2D826 /* PBXTargetDependency */ = {
			isa = PBXTargetDependency;
			target = 96415709187E6A9800F2D826 /* Dragon */;
			targetProxy = 9641572A187E6A9900F2D826 /* PBXContainerItemProxy */;
		};
/* End PBXTargetDependency section */

/* Begin PBXVariantGroup section */
		96EDB57B188711E800B02510 /* InfoPlist.strings */ = {
			isa = PBXVariantGroup;
			children = (
				96EDB57C188711E800B02510 /* en */,
			);
			name = InfoPlist.strings;
			sourceTree = "<group>";
		};
		96EDB5891887121C00B02510 /* InfoPlist.strings */ = {
			isa = PBXVariantGroup;
			children = (
				96EDB58A1887121C00B02510 /* en */,
			);
			name = InfoPlist.strings;
			sourceTree = "<group>";
		};
/* End PBXVariantGroup section */

/* Begin XCBuildConfiguration section */
		96415734187E6A9900F2D826 /* Debug */ = {
			isa = XCBuildConfiguration;
			buildSettings = {
				ALWAYS_SEARCH_USER_PATHS = NO;
				ARCHS = "$(ARCHS_STANDARD_INCLUDING_64_BIT)";
				CLANG_CXX_LANGUAGE_STANDARD = "gnu++0x";
				CLANG_CXX_LIBRARY = "libc++";
				CLANG_ENABLE_MODULES = YES;
				CLANG_ENABLE_OBJC_ARC = YES;
				CLANG_WARN_BOOL_CONVERSION = YES;
				CLANG_WARN_CONSTANT_CONVERSION = YES;
				CLANG_WARN_DIRECT_OBJC_ISA_USAGE = YES_ERROR;
				CLANG_WARN_EMPTY_BODY = YES;
				CLANG_WARN_ENUM_CONVERSION = YES;
				CLANG_WARN_INT_CONVERSION = YES;
				CLANG_WARN_OBJC_ROOT_CLASS = YES_ERROR;
				CLANG_WARN__DUPLICATE_METHOD_MATCH = YES;
				"CODE_SIGN_IDENTITY[sdk=iphoneos*]" = "iPhone Developer";
				COPY_PHASE_STRIP = NO;
				GCC_C_LANGUAGE_STANDARD = gnu99;
				GCC_DYNAMIC_NO_PIC = NO;
				GCC_OPTIMIZATION_LEVEL = 0;
				GCC_PREPROCESSOR_DEFINITIONS = (
					"DEBUG=1",
					"$(inherited)",
				);
				GCC_SYMBOLS_PRIVATE_EXTERN = NO;
				GCC_WARN_64_TO_32_BIT_CONVERSION = YES;
				GCC_WARN_ABOUT_RETURN_TYPE = YES_ERROR;
				GCC_WARN_UNDECLARED_SELECTOR = YES;
				GCC_WARN_UNINITIALIZED_AUTOS = YES;
				GCC_WARN_UNUSED_FUNCTION = YES;
				GCC_WARN_UNUSED_VARIABLE = YES;
				IPHONEOS_DEPLOYMENT_TARGET = 7.0;
				ONLY_ACTIVE_ARCH = YES;
				SDKROOT = iphoneos;
				TARGETED_DEVICE_FAMILY = "1,2";
			};
			name = Debug;
		};
		96415735187E6A9900F2D826 /* Release */ = {
			isa = XCBuildConfiguration;
			buildSettings = {
				ALWAYS_SEARCH_USER_PATHS = NO;
				ARCHS = "$(ARCHS_STANDARD_INCLUDING_64_BIT)";
				CLANG_CXX_LANGUAGE_STANDARD = "gnu++0x";
				CLANG_CXX_LIBRARY = "libc++";
				CLANG_ENABLE_MODULES = YES;
				CLANG_ENABLE_OBJC_ARC = YES;
				CLANG_WARN_BOOL_CONVERSION = YES;
				CLANG_WARN_CONSTANT_CONVERSION = YES;
				CLANG_WARN_DIRECT_OBJC_ISA_USAGE = YES_ERROR;
				CLANG_WARN_EMPTY_BODY = YES;
				CLANG_WARN_ENUM_CONVERSION = YES;
				CLANG_WARN_INT_CONVERSION = YES;
				CLANG_WARN_OBJC_ROOT_CLASS = YES_ERROR;
				CLANG_WARN__DUPLICATE_METHOD_MATCH = YES;
				"CODE_SIGN_IDENTITY[sdk=iphoneos*]" = "iPhone Developer";
				COPY_PHASE_STRIP = YES;
				ENABLE_NS_ASSERTIONS = NO;
				GCC_C_LANGUAGE_STANDARD = gnu99;
				GCC_WARN_64_TO_32_BIT_CONVERSION = YES;
				GCC_WARN_ABOUT_RETURN_TYPE = YES_ERROR;
				GCC_WARN_UNDECLARED_SELECTOR = YES;
				GCC_WARN_UNINITIALIZED_AUTOS = YES;
				GCC_WARN_UNUSED_FUNCTION = YES;
				GCC_WARN_UNUSED_VARIABLE = YES;
				IPHONEOS_DEPLOYMENT_TARGET = 7.0;
				SDKROOT = iphoneos;
				TARGETED_DEVICE_FAMILY = "1,2";
				VALIDATE_PRODUCT = YES;
			};
			name = Release;
		};
		96415737187E6A9900F2D826 /* Debug */ = {
			isa = XCBuildConfiguration;
			buildSettings = {
				ASSETCATALOG_COMPILER_APPICON_NAME = AppIcon;
				ASSETCATALOG_COMPILER_LAUNCHIMAGE_NAME = LaunchImage;
				GCC_PRECOMPILE_PREFIX_HEADER = YES;
				GCC_PREFIX_HEADER = "Dragon/Dragon-Prefix.pch";
				INFOPLIST_FILE = "Dragon/Dragon-Info.plist";
				PRODUCT_NAME = Dragon;
				WRAPPER_EXTENSION = app;
			};
			name = Debug;
		};
		96415738187E6A9900F2D826 /* Release */ = {
			isa = XCBuildConfiguration;
			buildSettings = {
				ASSETCATALOG_COMPILER_APPICON_NAME = AppIcon;
				ASSETCATALOG_COMPILER_LAUNCHIMAGE_NAME = LaunchImage;
				GCC_PRECOMPILE_PREFIX_HEADER = YES;
				GCC_PREFIX_HEADER = "Dragon/Dragon-Prefix.pch";
				INFOPLIST_FILE = "Dragon/Dragon-Info.plist";
				PRODUCT_NAME = Dragon;
				WRAPPER_EXTENSION = app;
			};
			name = Release;
		};
		9641573A187E6A9900F2D826 /* Debug */ = {
			isa = XCBuildConfiguration;
			buildSettings = {
				ARCHS = "$(ARCHS_STANDARD_INCLUDING_64_BIT)";
				BUNDLE_LOADER = "$(BUILT_PRODUCTS_DIR)/Dragon.app/Dragon";
				FRAMEWORK_SEARCH_PATHS = (
					"$(SDKROOT)/Developer/Library/Frameworks",
					"$(inherited)",
					"$(DEVELOPER_FRAMEWORKS_DIR)",
				);
				GCC_PRECOMPILE_PREFIX_HEADER = YES;
				GCC_PREFIX_HEADER = "Dragon/Dragon-Prefix.pch";
				GCC_PREPROCESSOR_DEFINITIONS = (
					"DEBUG=1",
					"$(inherited)",
				);
				INFOPLIST_FILE = "DragonTests/DragonTests-Info.plist";
				PRODUCT_NAME = DragonTests;
				TEST_HOST = "$(BUNDLE_LOADER)";
				WRAPPER_EXTENSION = xctest;
			};
			name = Debug;
		};
		9641573B187E6A9900F2D826 /* Release */ = {
			isa = XCBuildConfiguration;
			buildSettings = {
				ARCHS = "$(ARCHS_STANDARD_INCLUDING_64_BIT)";
				BUNDLE_LOADER = "$(BUILT_PRODUCTS_DIR)/Dragon.app/Dragon";
				FRAMEWORK_SEARCH_PATHS = (
					"$(SDKROOT)/Developer/Library/Frameworks",
					"$(inherited)",
					"$(DEVELOPER_FRAMEWORKS_DIR)",
				);
				GCC_PRECOMPILE_PREFIX_HEADER = YES;
				GCC_PREFIX_HEADER = "Dragon/Dragon-Prefix.pch";
				INFOPLIST_FILE = "DragonTests/DragonTests-Info.plist";
				PRODUCT_NAME = DragonTests;
				TEST_HOST = "$(BUNDLE_LOADER)";
				WRAPPER_EXTENSION = xctest;
			};
			name = Release;
		};
/* End XCBuildConfiguration section */

/* Begin XCConfigurationList section */
		96415705187E6A9800F2D826 /* Build configuration list for PBXProject "Dragon" */ = {
			isa = XCConfigurationList;
			buildConfigurations = (
				96415734187E6A9900F2D826 /* Debug */,
				96415735187E6A9900F2D826 /* Release */,
			);
			defaultConfigurationIsVisible = 0;
			defaultConfigurationName = Release;
		};
		96415736187E6A9900F2D826 /* Build configuration list for PBXNativeTarget "Dragon" */ = {
			isa = XCConfigurationList;
			buildConfigurations = (
				96415737187E6A9900F2D826 /* Debug */,
				96415738187E6A9900F2D826 /* Release */,
			);
			defaultConfigurationIsVisible = 0;
			defaultConfigurationName = Release;
		};
		96415739187E6A9900F2D826 /* Build configuration list for PBXNativeTarget "DragonTests" */ = {
			isa = XCConfigurationList;
			buildConfigurations = (
				9641573A187E6A9900F2D826 /* Debug */,
				9641573B187E6A9900F2D826 /* Release */,
			);
			defaultConfigurationIsVisible = 0;
			defaultConfigurationName = Release;
		};
/* End XCConfigurationList section */
	};
	rootObject = 96415702187E6A9800F2D826 /* Project object */;
}
